{
  "requires": true,
  "lockfileVersion": 1,
  "dependencies": {
    "csscrush": {
      "version": "3.0.1",
      "resolved": "https://registry.npmjs.org/csscrush/-/csscrush-3.0.1.tgz",
      "integrity": "sha512-BDf7SKXr8JddtWeJiIJNh9nIvQQj4U2nLDIJ8RXjflbX3wLEcOagQ1WQhxrOrh+dG8BTVcMUNxm0MOCUYZgCLw=="
    }
  }
}
